
Microsoft Visual Studio Solution File, Format Version 12.00
# Visual Studio Version 16
VisualStudioVersion = 16.0.33214.272
MinimumVisualStudioVersion = 10.0.40219.1
Project("{FAE04EC0-301F-11D3-BF4B-00C04F79EFBC}") = "PraktikaIND1_2", "PraktikaIND1_2\PraktikaIND1_2.csproj", "{B341F1F9-2390-47BD-8032-89337B4932B2}"
EndProject
Global
	GlobalSection(SolutionConfigurationPlatforms) = preSolution
		Debug|Any CPU = Debug|Any CPU
		Release|Any CPU = Release|Any CPU
	EndGlobalSection
	GlobalSection(ProjectConfigurationPlatforms) = postSolution
		{B341F1F9-2390-47BD-8032-89337B4932B2}.Debug|Any CPU.ActiveCfg = Debug|Any CPU
		{B341F1F9-2390-47BD-8032-89337B4932B2}.Debug|Any CPU.Build.0 = Debug|Any CPU
		{B341F1F9-2390-47BD-8032-89337B4932B2}.Release|Any CPU.ActiveCfg = Release|Any CPU
		{B341F1F9-2390-47BD-8032-89337B4932B2}.Release|Any CPU.Build.0 = Release|Any CPU
	EndGlobalSection
	GlobalSection(SolutionProperties) = preSolution
		HideSolutionNode = FALSE
	EndGlobalSection
	GlobalSection(ExtensibilityGlobals) = postSolution
		SolutionGuid = {B8DF2ECC-3A22-4418-9DD6-F96B4CB629FE}
	EndGlobalSection
EndGlobal
