
Microsoft Visual Studio Solution File, Format Version 12.00
# Visual Studio Version 16
VisualStudioVersion = 16.0.33214.272
MinimumVisualStudioVersion = 10.0.40219.1
Project("{FAE04EC0-301F-11D3-BF4B-00C04F79EFBC}") = "praktikaIND1_1", "praktikaIND1_1.csproj", "{A9188D68-AE04-4815-8E31-18598153BB6D}"
EndProject
Global
	GlobalSection(SolutionConfigurationPlatforms) = preSolution
		Debug|Any CPU = Debug|Any CPU
		Release|Any CPU = Release|Any CPU
	EndGlobalSection
	GlobalSection(ProjectConfigurationPlatforms) = postSolution
		{A9188D68-AE04-4815-8E31-18598153BB6D}.Debug|Any CPU.ActiveCfg = Debug|Any CPU
		{A9188D68-AE04-4815-8E31-18598153BB6D}.Debug|Any CPU.Build.0 = Debug|Any CPU
		{A9188D68-AE04-4815-8E31-18598153BB6D}.Release|Any CPU.ActiveCfg = Release|Any CPU
		{A9188D68-AE04-4815-8E31-18598153BB6D}.Release|Any CPU.Build.0 = Release|Any CPU
	EndGlobalSection
	GlobalSection(SolutionProperties) = preSolution
		HideSolutionNode = FALSE
	EndGlobalSection
	GlobalSection(ExtensibilityGlobals) = postSolution
		SolutionGuid = {2BDF26E4-2F99-4B12-A5BF-580E3177EBD9}
	EndGlobalSection
EndGlobal
